// !$*UTF8*$!
{
	archiveVersion = 1;
	classes = {
	};
	objectVersion = 50;
	objects = {

/* Begin PBXBuildFile section */
		63956BAB250BAB520006635D /* AppDelegate.swift in Sources */ = {isa = PBXBuildFile; fileRef = 63956BAA250BAB520006635D /* AppDelegate.swift */; };
		63956BAD250BAB520006635D /* SceneDelegate.swift in Sources */ = {isa = PBXBuildFile; fileRef = 63956BAC250BAB520006635D /* SceneDelegate.swift */; };
		63956BAF250BAB520006635D /* ViewController.swift in Sources */ = {isa = PBXBuildFile; fileRef = 63956BAE250BAB520006635D /* ViewController.swift */; };
		63956BB2250BAB520006635D /* Main.storyboard in Resources */ = {isa = PBXBuildFile; fileRef = 63956BB0250BAB520006635D /* Main.storyboard */; };
		63956BB4250BAB550006635D /* Assets.xcassets in Resources */ = {isa = PBXBuildFile; fileRef = 63956BB3250BAB550006635D /* Assets.xcassets */; };
		63956BB7250BAB550006635D /* LaunchScreen.storyboard in Resources */ = {isa = PBXBuildFile; fileRef = 63956BB5250BAB550006635D /* LaunchScreen.storyboard */; };
		63956BC4250BAC200006635D /* .gitignore in Resources */ = {isa = PBXBuildFile; fileRef = 63956BC3250BAC200006635D /* .gitignore */; };
/* End PBXBuildFile section */

/* Begin PBXFileReference section */
		63956BA7250BAB520006635D /* Firearm Application.app */ = {isa = PBXFileReference; explicitFileType = wrapper.application; includeInIndex = 0; path = "Firearm Application.app"; sourceTree = BUILT_PRODUCTS_DIR; };
		63956BAA250BAB520006635D /* AppDelegate.swift */ = {isa = PBXFileReference; lastKnownFileType = sourcecode.swift; path = AppDelegate.swift; sourceTree = "<group>"; };
		63956BAC250BAB520006635D /* SceneDelegate.swift */ = {isa = PBXFileReference; lastKnownFileType = sourcecode.swift; path = SceneDelegate.swift; sourceTree = "<group>"; };
		63956BAE250BAB520006635D /* ViewController.swift */ = {isa = PBXFileReference; lastKnownFileType = sourcecode.swift; path = ViewController.swift; sourceTree = "<group>"; };
		63956BB1250BAB520006635D /* Base */ = {isa = PBXFileReference; lastKnownFileType = file.storyboard; name = Base; path = Base.lproj/Main.storyboard; sourceTree = "<group>"; };
		63956BB3250BAB550006635D /* Assets.xcassets */ = {isa = PBXFileReference; lastKnownFileType = folder.assetcatalog; path = Assets.xcassets; sourceTree = "<group>"; };
		63956BB6250BAB550006635D /* Base */ = {isa = PBXFileReference; lastKnownFileType = file.storyboard; name = Base; path = Base.lproj/LaunchScreen.storyboard; sourceTree = "<group>"; };
		63956BB8250BAB550006635D /* Info.plist */ = {isa = PBXFileReference; lastKnownFileType = text.plist.xml; path = Info.plist; sourceTree = "<group>"; };
		63956BC3250BAC200006635D /* .gitignore */ = {isa = PBXFileReference; lastKnownFileType = text; path = .gitignore; sourceTree = "<group>"; };
/* End PBXFileReference section */

/* Begin PBXFrameworksBuildPhase section */
		63956BA4250BAB520006635D /* Frameworks */ = {
			isa = PBXFrameworksBuildPhase;
			buildActionMask = 2147483647;
			files = (
			);
			runOnlyForDeploymentPostprocessing = 0;
		};
/* End PBXFrameworksBuildPhase section */

/* Begin PBXGroup section */
		63956B9E250BAB520006635D = {
			isa = PBXGroup;
			children = (
				63956BA9250BAB520006635D /* Firearm Application */,
				63956BA8250BAB520006635D /* Products */,
			);
			sourceTree = "<group>";
		};
		63956BA8250BAB520006635D /* Products */ = {
			isa = PBXGroup;
			children = (
				63956BA7250BAB520006635D /* Firearm Application.app */,
			);
			name = Products;
			sourceTree = "<group>";
		};
		63956BA9250BAB520006635D /* Firearm Application */ = {
			isa = PBXGroup;
			children = (
				63956BBE250BAB650006635D /* ViewControllers */,
				63956BC2250BAB8B0006635D /* Storyboards */,
				63956BC1250BAB820006635D /* Sources */,
				63956BC0250BAB780006635D /* SupportingFiles */,
				63956BBF250BAB700006635D /* Models */,
			);
			path = "Firearm Application";
			sourceTree = "<group>";
		};
		63956BBE250BAB650006635D /* ViewControllers */ = {
			isa = PBXGroup;
			children = (
				63956BAE250BAB520006635D /* ViewController.swift */,
			);
			path = ViewControllers;
			sourceTree = "<group>";
		};
		63956BBF250BAB700006635D /* Models */ = {
			isa = PBXGroup;
			children = (
			);
			path = Models;
			sourceTree = "<group>";
		};
		63956BC0250BAB780006635D /* SupportingFiles */ = {
			isa = PBXGroup;
			children = (
				63956BAC250BAB520006635D /* SceneDelegate.swift */,
				63956BAA250BAB520006635D /* AppDelegate.swift */,
				63956BB8250BAB550006635D /* Info.plist */,
				63956BC3250BAC200006635D /* .gitignore */,
			);
			path = SupportingFiles;
			sourceTree = "<group>";
		};
		63956BC1250BAB820006635D /* Sources */ = {
			isa = PBXGroup;
			children = (
				63956BB3250BAB550006635D /* Assets.xcassets */,
			);
			path = Sources;
			sourceTree = "<group>";
		};
		63956BC2250BAB8B0006635D /* Storyboards */ = {
			isa = PBXGroup;
			children = (
				63956BB0250BAB520006635D /* Main.storyboard */,
				63956BB5250BAB550006635D /* LaunchScreen.storyboard */,
			);
			path = Storyboards;
			sourceTree = "<group>";
		};
/* End PBXGroup section */

/* Begin PBXNativeTarget section */
		63956BA6250BAB520006635D /* Firearm Application */ = {
			isa = PBXNativeTarget;
			buildConfigurationList = 63956BBB250BAB550006635D /* Build configuration list for PBXNativeTarget "Firearm Application" */;
			buildPhases = (
				63956BA3250BAB520006635D /* Sources */,
				63956BA4250BAB520006635D /* Frameworks */,
				63956BA5250BAB520006635D /* Resources */,
			);
			buildRules = (
			);
			dependencies = (
			);
			name = "Firearm Application";
			productName = "Firearm Application";
			productReference = 63956BA7250BAB520006635D /* Firearm Application.app */;
			productType = "com.apple.product-type.application";
		};
/* End PBXNativeTarget section */

/* Begin PBXProject section */
		63956B9F250BAB520006635D /* Project object */ = {
			isa = PBXProject;
			attributes = {
				LastSwiftUpdateCheck = 1170;
				LastUpgradeCheck = 1170;
				ORGANIZATIONNAME = "Steven Kirke";
				TargetAttributes = {
					63956BA6250BAB520006635D = {
						CreatedOnToolsVersion = 11.7;
					};
				};
			};
			buildConfigurationList = 63956BA2250BAB520006635D /* Build configuration list for PBXProject "Firearm Application" */;
			compatibilityVersion = "Xcode 9.3";
			developmentRegion = en;
			hasScannedForEncodings = 0;
			knownRegions = (
				en,
				Base,
			);
			mainGroup = 63956B9E250BAB520006635D;
			productRefGroup = 63956BA8250BAB520006635D /* Products */;
			projectDirPath = "";
			projectRoot = "";
			targets = (
				63956BA6250BAB520006635D /* Firearm Application */,
			);
		};
/* End PBXProject section */

/* Begin PBXResourcesBuildPhase section */
		63956BA5250BAB520006635D /* Resources */ = {
			isa = PBXResourcesBuildPhase;
			buildActionMask = 2147483647;
			files = (
				63956BC4250BAC200006635D /* .gitignore in Resources */,
				63956BB7250BAB550006635D /* LaunchScreen.storyboard in Resources */,
				63956BB4250BAB550006635D /* Assets.xcassets in Resources */,
				63956BB2250BAB520006635D /* Main.storyboard in Resources */,
			);
			runOnlyForDeploymentPostprocessing = 0;
		};
/* End PBXResourcesBuildPhase section */

/* Begin PBXSourcesBuildPhase section */
		63956BA3250BAB520006635D /* Sources */ = {
			isa = PBXSourcesBuildPhase;
			buildActionMask = 2147483647;
			files = (
				63956BAF250BAB520006635D /* ViewController.swift in Sources */,
				63956BAB250BAB520006635D /* AppDelegate.swift in Sources */,
				63956BAD250BAB520006635D /* SceneDelegate.swift in Sources */,
			);
			runOnlyForDeploymentPostprocessing = 0;
		};
/* End PBXSourcesBuildPhase section */

/* Begin PBXVariantGroup section */
		63956BB0250BAB520006635D /* Main.storyboard */ = {
			isa = PBXVariantGroup;
			children = (
				63956BB1250BAB520006635D /* Base */,
			);
			name = Main.storyboard;
			sourceTree = "<group>";
		};
		63956BB5250BAB550006635D /* LaunchScreen.storyboard */ = {
			isa = PBXVariantGroup;
			children = (
				63956BB6250BAB550006635D /* Base */,
			);
			name = LaunchScreen.storyboard;
			sourceTree = "<group>";
		};
/* End PBXVariantGroup section */

/* Begin XCBuildConfiguration section */
		63956BB9250BAB550006635D /* Debug */ = {
			isa = XCBuildConfiguration;
			buildSettings = {
				ALWAYS_SEARCH_USER_PATHS = NO;
				CLANG_ANALYZER_NONNULL = YES;
				CLANG_ANALYZER_NUMBER_OBJECT_CONVERSION = YES_AGGRESSIVE;
				CLANG_CXX_LANGUAGE_STANDARD = "gnu++14";
				CLANG_CXX_LIBRARY = "libc++";
				CLANG_ENABLE_MODULES = YES;
				CLANG_ENABLE_OBJC_ARC = YES;
				CLANG_ENABLE_OBJC_WEAK = YES;
				CLANG_WARN_BLOCK_CAPTURE_AUTORELEASING = YES;
				CLANG_WARN_BOOL_CONVERSION = YES;
				CLANG_WARN_COMMA = YES;
				CLANG_WARN_CONSTANT_CONVERSION = YES;
				CLANG_WARN_DEPRECATED_OBJC_IMPLEMENTATIONS = YES;
				CLANG_WARN_DIRECT_OBJC_ISA_USAGE = YES_ERROR;
				CLANG_WARN_DOCUMENTATION_COMMENTS = YES;
				CLANG_WARN_EMPTY_BODY = YES;
				CLANG_WARN_ENUM_CONVERSION = YES;
				CLANG_WARN_INFINITE_RECURSION = YES;
				CLANG_WARN_INT_CONVERSION = YES;
				CLANG_WARN_NON_LITERAL_NULL_CONVERSION = YES;
				CLANG_WARN_OBJC_IMPLICIT_RETAIN_SELF = YES;
				CLANG_WARN_OBJC_LITERAL_CONVERSION = YES;
				CLANG_WARN_OBJC_ROOT_CLASS = YES_ERROR;
				CLANG_WARN_RANGE_LOOP_ANALYSIS = YES;
				CLANG_WARN_STRICT_PROTOTYPES = YES;
				CLANG_WARN_SUSPICIOUS_MOVE = YES;
				CLANG_WARN_UNGUARDED_AVAILABILITY = YES_AGGRESSIVE;
				CLANG_WARN_UNREACHABLE_CODE = YES;
				CLANG_WARN__DUPLICATE_METHOD_MATCH = YES;
				COPY_PHASE_STRIP = NO;
				DEBUG_INFORMATION_FORMAT = dwarf;
				ENABLE_STRICT_OBJC_MSGSEND = YES;
				ENABLE_TESTABILITY = YES;
				GCC_C_LANGUAGE_STANDARD = gnu11;
				GCC_DYNAMIC_NO_PIC = NO;
				GCC_NO_COMMON_BLOCKS = YES;
				GCC_OPTIMIZATION_LEVEL = 0;
				GCC_PREPROCESSOR_DEFINITIONS = (
					"DEBUG=1",
					"$(inherited)",
				);
				GCC_WARN_64_TO_32_BIT_CONVERSION = YES;
				GCC_WARN_ABOUT_RETURN_TYPE = YES_ERROR;
				GCC_WARN_UNDECLARED_SELECTOR = YES;
				GCC_WARN_UNINITIALIZED_AUTOS = YES_AGGRESSIVE;
				GCC_WARN_UNUSED_FUNCTION = YES;
				GCC_WARN_UNUSED_VARIABLE = YES;
				IPHONEOS_DEPLOYMENT_TARGET = 13.7;
				MTL_ENABLE_DEBUG_INFO = INCLUDE_SOURCE;
				MTL_FAST_MATH = YES;
				ONLY_ACTIVE_ARCH = YES;
				SDKROOT = iphoneos;
				SWIFT_ACTIVE_COMPILATION_CONDITIONS = DEBUG;
				SWIFT_OPTIMIZATION_LEVEL = "-Onone";
			};
			name = Debug;
		};
		63956BBA250BAB550006635D /* Release */ = {
			isa = XCBuildConfiguration;
			buildSettings = {
				ALWAYS_SEARCH_USER_PATHS = NO;
				CLANG_ANALYZER_NONNULL = YES;
				CLANG_ANALYZER_NUMBER_OBJECT_CONVERSION = YES_AGGRESSIVE;
				CLANG_CXX_LANGUAGE_STANDARD = "gnu++14";
				CLANG_CXX_LIBRARY = "libc++";
				CLANG_ENABLE_MODULES = YES;
				CLANG_ENABLE_OBJC_ARC = YES;
				CLANG_ENABLE_OBJC_WEAK = YES;
				CLANG_WARN_BLOCK_CAPTURE_AUTORELEASING = YES;
				CLANG_WARN_BOOL_CONVERSION = YES;
				CLANG_WARN_COMMA = YES;
				CLANG_WARN_CONSTANT_CONVERSION = YES;
				CLANG_WARN_DEPRECATED_OBJC_IMPLEMENTATIONS = YES;
				CLANG_WARN_DIRECT_OBJC_ISA_USAGE = YES_ERROR;
				CLANG_WARN_DOCUMENTATION_COMMENTS = YES;
				CLANG_WARN_EMPTY_BODY = YES;
				CLANG_WARN_ENUM_CONVERSION = YES;
				CLANG_WARN_INFINITE_RECURSION = YES;
				CLANG_WARN_INT_CONVERSION = YES;
				CLANG_WARN_NON_LITERAL_NULL_CONVERSION = YES;
				CLANG_WARN_OBJC_IMPLICIT_RETAIN_SELF = YES;
				CLANG_WARN_OBJC_LITERAL_CONVERSION = YES;
				CLANG_WARN_OBJC_ROOT_CLASS = YES_ERROR;
				CLANG_WARN_RANGE_LOOP_ANALYSIS = YES;
				CLANG_WARN_STRICT_PROTOTYPES = YES;
				CLANG_WARN_SUSPICIOUS_MOVE = YES;
				CLANG_WARN_UNGUARDED_AVAILABILITY = YES_AGGRESSIVE;
				CLANG_WARN_UNREACHABLE_CODE = YES;
				CLANG_WARN__DUPLICATE_METHOD_MATCH = YES;
				COPY_PHASE_STRIP = NO;
				DEBUG_INFORMATION_FORMAT = "dwarf-with-dsym";
				ENABLE_NS_ASSERTIONS = NO;
				ENABLE_STRICT_OBJC_MSGSEND = YES;
				GCC_C_LANGUAGE_STANDARD = gnu11;
				GCC_NO_COMMON_BLOCKS = YES;
				GCC_WARN_64_TO_32_BIT_CONVERSION = YES;
				GCC_WARN_ABOUT_RETURN_TYPE = YES_ERROR;
				GCC_WARN_UNDECLARED_SELECTOR = YES;
				GCC_WARN_UNINITIALIZED_AUTOS = YES_AGGRESSIVE;
				GCC_WARN_UNUSED_FUNCTION = YES;
				GCC_WARN_UNUSED_VARIABLE = YES;
				IPHONEOS_DEPLOYMENT_TARGET = 13.7;
				MTL_ENABLE_DEBUG_INFO = NO;
				MTL_FAST_MATH = YES;
				SDKROOT = iphoneos;
				SWIFT_COMPILATION_MODE = wholemodule;
				SWIFT_OPTIMIZATION_LEVEL = "-O";
				VALIDATE_PRODUCT = YES;
			};
			name = Release;
		};
		63956BBC250BAB550006635D /* Debug */ = {
			isa = XCBuildConfiguration;
			buildSettings = {
				ASSETCATALOG_COMPILER_APPICON_NAME = AppIcon;
				CODE_SIGN_STYLE = Automatic;
				DEVELOPMENT_TEAM = P87Y98S683;
				INFOPLIST_FILE = "Firearm Application/SupportingFiles/Info.plist";
				LD_RUNPATH_SEARCH_PATHS = (
					"$(inherited)",
					"@executable_path/Frameworks",
				);
				PRODUCT_BUNDLE_IDENTIFIER = "UMBRELLA.Firearm-Application";
				PRODUCT_NAME = "$(TARGET_NAME)";
				SWIFT_VERSION = 5.0;
				TARGETED_DEVICE_FAMILY = "1,2";
			};
			name = Debug;
		};
		63956BBD250BAB550006635D /* Release */ = {
			isa = XCBuildConfiguration;
			buildSettings = {
				ASSETCATALOG_COMPILER_APPICON_NAME = AppIcon;
				CODE_SIGN_STYLE = Automatic;
				DEVELOPMENT_TEAM = P87Y98S683;
				INFOPLIST_FILE = "Firearm Application/SupportingFiles/Info.plist";
				LD_RUNPATH_SEARCH_PATHS = (
					"$(inherited)",
					"@executable_path/Frameworks",
				);
				PRODUCT_BUNDLE_IDENTIFIER = "UMBRELLA.Firearm-Application";
				PRODUCT_NAME = "$(TARGET_NAME)";
				SWIFT_VERSION = 5.0;
				TARGETED_DEVICE_FAMILY = "1,2";
			};
			name = Release;
		};
/* End XCBuildConfiguration section */

/* Begin XCConfigurationList section */
		63956BA2250BAB520006635D /* Build configuration list for PBXProject "Firearm Application" */ = {
			isa = XCConfigurationList;
			buildConfigurations = (
				63956BB9250BAB550006635D /* Debug */,
				63956BBA250BAB550006635D /* Release */,
			);
			defaultConfigurationIsVisible = 0;
			defaultConfigurationName = Release;
		};
		63956BBB250BAB550006635D /* Build configuration list for PBXNativeTarget "Firearm Application" */ = {
			isa = XCConfigurationList;
			buildConfigurations = (
				63956BBC250BAB550006635D /* Debug */,
				63956BBD250BAB550006635D /* Release */,
			);
			defaultConfigurationIsVisible = 0;
			defaultConfigurationName = Release;
		};
/* End XCConfigurationList section */
	};
	rootObject = 63956B9F250BAB520006635D /* Project object */;
}
